
Microsoft Visual Studio Solution File, Format Version 12.00
# Visual Studio Version 16
VisualStudioVersion = 16.0.29209.152
MinimumVisualStudioVersion = 10.0.40219.1
Project("{9A19103F-16F7-4668-BE54-9A1E7A4F7556}") = "Contently", "Contently\Contently.csproj", "{634A02A6-7216-42CF-929D-040F73FA6E60}"
EndProject
Project("{9A19103F-16F7-4668-BE54-9A1E7A4F7556}") = "Contently.Core", "COntently.Core\Contently.Core.csproj", "{E5787ABC-EA09-44DE-B7A5-28D57A29ACF1}"
EndProject
Project("{9A19103F-16F7-4668-BE54-9A1E7A4F7556}") = "Contently.Data.Dapper", "Contently.Data.Dapper\Contently.Data.Dapper.csproj", "{8BD3F7C7-DE2B-46FE-85B3-AC0171024832}"
EndProject
Project("{2150E333-8FDC-42A3-9474-1A3956D46DE8}") = "ContentTypes", "ContentTypes", "{68158A1E-F999-492E-8D0A-E4611505FBBD}"
EndProject
Project("{FAE04EC0-301F-11D3-BF4B-00C04F79EFBC}") = "Contently.ContentTypes.Simple", "Contently.ContenTypes.Simple\Contently.ContentTypes.Simple.csproj", "{69FA117A-3403-4D07-A25C-1D3B7795F235}"
EndProject
Project("{FAE04EC0-301F-11D3-BF4B-00C04F79EFBC}") = "Contently.Web.Admin", "Web\Contently.Web.Admin\Contently.Web.Admin.csproj", "{52473854-2C06-4559-A23D-FC27AD67AFEA}"
EndProject
Global
	GlobalSection(SolutionConfigurationPlatforms) = preSolution
		Debug|Any CPU = Debug|Any CPU
		Release|Any CPU = Release|Any CPU
	EndGlobalSection
	GlobalSection(ProjectConfigurationPlatforms) = postSolution
		{634A02A6-7216-42CF-929D-040F73FA6E60}.Debug|Any CPU.ActiveCfg = Debug|Any CPU
		{634A02A6-7216-42CF-929D-040F73FA6E60}.Debug|Any CPU.Build.0 = Debug|Any CPU
		{634A02A6-7216-42CF-929D-040F73FA6E60}.Release|Any CPU.ActiveCfg = Release|Any CPU
		{634A02A6-7216-42CF-929D-040F73FA6E60}.Release|Any CPU.Build.0 = Release|Any CPU
		{E5787ABC-EA09-44DE-B7A5-28D57A29ACF1}.Debug|Any CPU.ActiveCfg = Debug|Any CPU
		{E5787ABC-EA09-44DE-B7A5-28D57A29ACF1}.Debug|Any CPU.Build.0 = Debug|Any CPU
		{E5787ABC-EA09-44DE-B7A5-28D57A29ACF1}.Release|Any CPU.ActiveCfg = Release|Any CPU
		{E5787ABC-EA09-44DE-B7A5-28D57A29ACF1}.Release|Any CPU.Build.0 = Release|Any CPU
		{8BD3F7C7-DE2B-46FE-85B3-AC0171024832}.Debug|Any CPU.ActiveCfg = Debug|Any CPU
		{8BD3F7C7-DE2B-46FE-85B3-AC0171024832}.Debug|Any CPU.Build.0 = Debug|Any CPU
		{8BD3F7C7-DE2B-46FE-85B3-AC0171024832}.Release|Any CPU.ActiveCfg = Release|Any CPU
		{8BD3F7C7-DE2B-46FE-85B3-AC0171024832}.Release|Any CPU.Build.0 = Release|Any CPU
		{69FA117A-3403-4D07-A25C-1D3B7795F235}.Debug|Any CPU.ActiveCfg = Debug|Any CPU
		{69FA117A-3403-4D07-A25C-1D3B7795F235}.Debug|Any CPU.Build.0 = Debug|Any CPU
		{69FA117A-3403-4D07-A25C-1D3B7795F235}.Release|Any CPU.ActiveCfg = Release|Any CPU
		{69FA117A-3403-4D07-A25C-1D3B7795F235}.Release|Any CPU.Build.0 = Release|Any CPU
		{52473854-2C06-4559-A23D-FC27AD67AFEA}.Debug|Any CPU.ActiveCfg = Debug|Any CPU
		{52473854-2C06-4559-A23D-FC27AD67AFEA}.Debug|Any CPU.Build.0 = Debug|Any CPU
		{52473854-2C06-4559-A23D-FC27AD67AFEA}.Release|Any CPU.ActiveCfg = Release|Any CPU
		{52473854-2C06-4559-A23D-FC27AD67AFEA}.Release|Any CPU.Build.0 = Release|Any CPU
	EndGlobalSection
	GlobalSection(SolutionProperties) = preSolution
		HideSolutionNode = FALSE
	EndGlobalSection
	GlobalSection(NestedProjects) = preSolution
		{69FA117A-3403-4D07-A25C-1D3B7795F235} = {68158A1E-F999-492E-8D0A-E4611505FBBD}
	EndGlobalSection
	GlobalSection(ExtensibilityGlobals) = postSolution
		SolutionGuid = {FB68D886-9588-4CED-BE54-5C78640411E9}
	EndGlobalSection
EndGlobal
